
Microsoft Visual Studio Solution File, Format Version 12.00
# Visual Studio Version 16
VisualStudioVersion = 16.0.29025.244
MinimumVisualStudioVersion = 10.0.40219.1
Project("{FAE04EC0-301F-11D3-BF4B-00C04F79EFBC}") = "GommeRepoNet_Slave", "GommeRepoNet_Slave\GommeRepoNet_Slave.csproj", "{DF906A2D-8647-4A59-B658-7D271358A851}"
EndProject
Global
	GlobalSection(SolutionConfigurationPlatforms) = preSolution
		Debug|Any CPU = Debug|Any CPU
		Release|Any CPU = Release|Any CPU
	EndGlobalSection
	GlobalSection(ProjectConfigurationPlatforms) = postSolution
		{DF906A2D-8647-4A59-B658-7D271358A851}.Debug|Any CPU.ActiveCfg = Debug|Any CPU
		{DF906A2D-8647-4A59-B658-7D271358A851}.Debug|Any CPU.Build.0 = Debug|Any CPU
		{DF906A2D-8647-4A59-B658-7D271358A851}.Release|Any CPU.ActiveCfg = Release|Any CPU
		{DF906A2D-8647-4A59-B658-7D271358A851}.Release|Any CPU.Build.0 = Release|Any CPU
	EndGlobalSection
	GlobalSection(SolutionProperties) = preSolution
		HideSolutionNode = FALSE
	EndGlobalSection
	GlobalSection(ExtensibilityGlobals) = postSolution
		SolutionGuid = {390B9392-A46F-4665-9806-4283E6980AA2}
	EndGlobalSection
EndGlobal
